{
    "_meta": {
        "hash": {
            "sha256": "28368169adfa2002469b8b24607e49246ced162418b24ae397a2afae7c676d69"
        },
        "pipfile-spec": 6,
        "requires": {
            "python_version": "3.11"
        },
        "sources": [
            {
                "name": "pypi",
                "url": "https://pypi.org/simple",
                "verify_ssl": true
            }
        ]
    },
    "default": {
        "gdm": {
            "editable": true,
            "git": "https://github.com/bi3mer/GDM.git",
            "ref": "649314cfb2f6e71e41e8d66be18023b475439ef1"
        }
    },
    "develop": {}
}
